// !$*UTF8*$!
{
	archiveVersion = 1;
	classes = {
	};
	objectVersion = 50;
	objects = {

/* Begin PBXBuildFile section */
		6F6137AB2094591E00650CBF /* AppDelegate.m in Sources */ = {isa = PBXBuildFile; fileRef = 6F6137AA2094591E00650CBF /* AppDelegate.m */; };
		6F6137AE2094591E00650CBF /* ViewController.m in Sources */ = {isa = PBXBuildFile; fileRef = 6F6137AD2094591E00650CBF /* ViewController.m */; };
		6F6137B12094591E00650CBF /* Main.storyboard in Resources */ = {isa = PBXBuildFile; fileRef = 6F6137AF2094591E00650CBF /* Main.storyboard */; };
		6F6137B32094591F00650CBF /* Assets.xcassets in Resources */ = {isa = PBXBuildFile; fileRef = 6F6137B22094591F00650CBF /* Assets.xcassets */; };
		6F6137B62094591F00650CBF /* LaunchScreen.storyboard in Resources */ = {isa = PBXBuildFile; fileRef = 6F6137B42094591F00650CBF /* LaunchScreen.storyboard */; };
		6F6137B92094591F00650CBF /* main.m in Sources */ = {isa = PBXBuildFile; fileRef = 6F6137B82094591F00650CBF /* main.m */; };
		6F6137C2209459AA00650CBF /* JGZImageBrowser.m in Sources */ = {isa = PBXBuildFile; fileRef = 6F6137C1209459AA00650CBF /* JGZImageBrowser.m */; };
		6F6137C520945D3300650CBF /* JGZImageTool.m in Sources */ = {isa = PBXBuildFile; fileRef = 6F6137C420945D3300650CBF /* JGZImageTool.m */; };
		6F6137C820945F0F00650CBF /* JGZImageBrowserView.m in Sources */ = {isa = PBXBuildFile; fileRef = 6F6137C720945F0F00650CBF /* JGZImageBrowserView.m */; };
		6F6137CB209461BB00650CBF /* JGZImageBrowserViewLayout.m in Sources */ = {isa = PBXBuildFile; fileRef = 6F6137CA209461BB00650CBF /* JGZImageBrowserViewLayout.m */; };
		6F6137CE2094633F00650CBF /* JGZImageBrowserViewCell.m in Sources */ = {isa = PBXBuildFile; fileRef = 6F6137CD2094633F00650CBF /* JGZImageBrowserViewCell.m */; };
		6F6137DA20946B1E00650CBF /* localBigImage0.jpeg in Resources */ = {isa = PBXBuildFile; fileRef = 6F6137D020946B1E00650CBF /* localBigImage0.jpeg */; };
		6F6137DB20946B1E00650CBF /* localImage0.jpeg in Resources */ = {isa = PBXBuildFile; fileRef = 6F6137D120946B1E00650CBF /* localImage0.jpeg */; };
		6F6137DC20946B1E00650CBF /* localImage1.jpeg in Resources */ = {isa = PBXBuildFile; fileRef = 6F6137D220946B1E00650CBF /* localImage1.jpeg */; };
		6F6137DD20946B1E00650CBF /* localImage2.jpeg in Resources */ = {isa = PBXBuildFile; fileRef = 6F6137D320946B1E00650CBF /* localImage2.jpeg */; };
		6F6137DE20946B1E00650CBF /* localImage3.jpeg in Resources */ = {isa = PBXBuildFile; fileRef = 6F6137D420946B1E00650CBF /* localImage3.jpeg */; };
		6F6137DF20946B1E00650CBF /* localImage4.jpeg in Resources */ = {isa = PBXBuildFile; fileRef = 6F6137D520946B1E00650CBF /* localImage4.jpeg */; };
		6F6137E020946B1E00650CBF /* localImage5.jpeg in Resources */ = {isa = PBXBuildFile; fileRef = 6F6137D620946B1E00650CBF /* localImage5.jpeg */; };
		6F6137E120946B1E00650CBF /* localImage6.jpeg in Resources */ = {isa = PBXBuildFile; fileRef = 6F6137D720946B1E00650CBF /* localImage6.jpeg */; };
		6F6137E220946B1E00650CBF /* localImage7.jpeg in Resources */ = {isa = PBXBuildFile; fileRef = 6F6137D820946B1E00650CBF /* localImage7.jpeg */; };
		6F6137E320946B1E00650CBF /* localImage8.jpeg in Resources */ = {isa = PBXBuildFile; fileRef = 6F6137D920946B1E00650CBF /* localImage8.jpeg */; };
		6F71B2C4209968870042A7F2 /* JGZImageBrowserModel.m in Sources */ = {isa = PBXBuildFile; fileRef = 6F71B2C3209968870042A7F2 /* JGZImageBrowserModel.m */; };
		6F71B3042099B4140042A7F2 /* FLAnimatedImageView+WebCache.m in Sources */ = {isa = PBXBuildFile; fileRef = 6F71B2C82099B4140042A7F2 /* FLAnimatedImageView+WebCache.m */; };
		6F71B3052099B4140042A7F2 /* MKAnnotationView+WebCache.m in Sources */ = {isa = PBXBuildFile; fileRef = 6F71B2CA2099B4140042A7F2 /* MKAnnotationView+WebCache.m */; };
		6F71B3062099B4140042A7F2 /* NSButton+WebCache.m in Sources */ = {isa = PBXBuildFile; fileRef = 6F71B2CC2099B4140042A7F2 /* NSButton+WebCache.m */; };
		6F71B3072099B4140042A7F2 /* NSData+ImageContentType.m in Sources */ = {isa = PBXBuildFile; fileRef = 6F71B2CE2099B4140042A7F2 /* NSData+ImageContentType.m */; };
		6F71B3082099B4140042A7F2 /* NSImage+WebCache.m in Sources */ = {isa = PBXBuildFile; fileRef = 6F71B2D02099B4140042A7F2 /* NSImage+WebCache.m */; };
		6F71B3092099B4140042A7F2 /* SDAnimatedImageRep.m in Sources */ = {isa = PBXBuildFile; fileRef = 6F71B2D22099B4140042A7F2 /* SDAnimatedImageRep.m */; };
		6F71B30A2099B4140042A7F2 /* SDImageCache.m in Sources */ = {isa = PBXBuildFile; fileRef = 6F71B2D42099B4140042A7F2 /* SDImageCache.m */; };
		6F71B30B2099B4140042A7F2 /* SDImageCacheConfig.m in Sources */ = {isa = PBXBuildFile; fileRef = 6F71B2D62099B4140042A7F2 /* SDImageCacheConfig.m */; };
		6F71B30C2099B4140042A7F2 /* SDWebImageCoder.m in Sources */ = {isa = PBXBuildFile; fileRef = 6F71B2D82099B4140042A7F2 /* SDWebImageCoder.m */; };
		6F71B30D2099B4140042A7F2 /* SDWebImageCoderHelper.m in Sources */ = {isa = PBXBuildFile; fileRef = 6F71B2DA2099B4140042A7F2 /* SDWebImageCoderHelper.m */; };
		6F71B30E2099B4140042A7F2 /* SDWebImageCodersManager.m in Sources */ = {isa = PBXBuildFile; fileRef = 6F71B2DC2099B4140042A7F2 /* SDWebImageCodersManager.m */; };
		6F71B30F2099B4140042A7F2 /* SDWebImageCompat.m in Sources */ = {isa = PBXBuildFile; fileRef = 6F71B2DE2099B4140042A7F2 /* SDWebImageCompat.m */; };
		6F71B3102099B4140042A7F2 /* SDWebImageDownloader.m in Sources */ = {isa = PBXBuildFile; fileRef = 6F71B2E02099B4140042A7F2 /* SDWebImageDownloader.m */; };
		6F71B3112099B4140042A7F2 /* SDWebImageDownloaderOperation.m in Sources */ = {isa = PBXBuildFile; fileRef = 6F71B2E22099B4140042A7F2 /* SDWebImageDownloaderOperation.m */; };
		6F71B3122099B4140042A7F2 /* SDWebImageFrame.m in Sources */ = {isa = PBXBuildFile; fileRef = 6F71B2E42099B4140042A7F2 /* SDWebImageFrame.m */; };
		6F71B3132099B4140042A7F2 /* SDWebImageGIFCoder.m in Sources */ = {isa = PBXBuildFile; fileRef = 6F71B2E62099B4140042A7F2 /* SDWebImageGIFCoder.m */; };
		6F71B3142099B4140042A7F2 /* SDWebImageImageIOCoder.m in Sources */ = {isa = PBXBuildFile; fileRef = 6F71B2E82099B4140042A7F2 /* SDWebImageImageIOCoder.m */; };
		6F71B3152099B4140042A7F2 /* SDWebImageManager.m in Sources */ = {isa = PBXBuildFile; fileRef = 6F71B2EA2099B4140042A7F2 /* SDWebImageManager.m */; };
		6F71B3162099B4140042A7F2 /* SDWebImagePrefetcher.m in Sources */ = {isa = PBXBuildFile; fileRef = 6F71B2ED2099B4140042A7F2 /* SDWebImagePrefetcher.m */; };
		6F71B3172099B4140042A7F2 /* SDWebImageTransition.m in Sources */ = {isa = PBXBuildFile; fileRef = 6F71B2EF2099B4140042A7F2 /* SDWebImageTransition.m */; };
		6F71B3182099B4140042A7F2 /* SDWebImageWebPCoder.m in Sources */ = {isa = PBXBuildFile; fileRef = 6F71B2F12099B4140042A7F2 /* SDWebImageWebPCoder.m */; };
		6F71B3192099B4140042A7F2 /* UIButton+WebCache.m in Sources */ = {isa = PBXBuildFile; fileRef = 6F71B2F32099B4140042A7F2 /* UIButton+WebCache.m */; };
		6F71B31A2099B4140042A7F2 /* UIImage+ForceDecode.m in Sources */ = {isa = PBXBuildFile; fileRef = 6F71B2F52099B4140042A7F2 /* UIImage+ForceDecode.m */; };
		6F71B31B2099B4140042A7F2 /* UIImage+GIF.m in Sources */ = {isa = PBXBuildFile; fileRef = 6F71B2F72099B4140042A7F2 /* UIImage+GIF.m */; };
		6F71B31C2099B4140042A7F2 /* UIImage+MultiFormat.m in Sources */ = {isa = PBXBuildFile; fileRef = 6F71B2F92099B4140042A7F2 /* UIImage+MultiFormat.m */; };
		6F71B31D2099B4140042A7F2 /* UIImage+WebP.m in Sources */ = {isa = PBXBuildFile; fileRef = 6F71B2FB2099B4140042A7F2 /* UIImage+WebP.m */; };
		6F71B31E2099B4140042A7F2 /* UIImageView+HighlightedWebCache.m in Sources */ = {isa = PBXBuildFile; fileRef = 6F71B2FD2099B4140042A7F2 /* UIImageView+HighlightedWebCache.m */; };
		6F71B31F2099B4140042A7F2 /* UIImageView+WebCache.m in Sources */ = {isa = PBXBuildFile; fileRef = 6F71B2FF2099B4140042A7F2 /* UIImageView+WebCache.m */; };
		6F71B3202099B4140042A7F2 /* UIView+WebCache.m in Sources */ = {isa = PBXBuildFile; fileRef = 6F71B3012099B4140042A7F2 /* UIView+WebCache.m */; };
		6F71B3212099B4140042A7F2 /* UIView+WebCacheOperation.m in Sources */ = {isa = PBXBuildFile; fileRef = 6F71B3032099B4140042A7F2 /* UIView+WebCacheOperation.m */; };
		6F71B3262099B9610042A7F2 /* FLAnimatedImageView.m in Sources */ = {isa = PBXBuildFile; fileRef = 6F71B3222099B9600042A7F2 /* FLAnimatedImageView.m */; };
		6F71B3272099B9610042A7F2 /* FLAnimatedImage.m in Sources */ = {isa = PBXBuildFile; fileRef = 6F71B3242099B9610042A7F2 /* FLAnimatedImage.m */; };
		6F71B32A2099BAEF0042A7F2 /* JGZ_SD_WebImage.m in Sources */ = {isa = PBXBuildFile; fileRef = 6F71B3292099BAEF0042A7F2 /* JGZ_SD_WebImage.m */; };
/* End PBXBuildFile section */

/* Begin PBXFileReference section */
		6F6137A62094591E00650CBF /* JGZImageBrowerDemo.app */ = {isa = PBXFileReference; explicitFileType = wrapper.application; includeInIndex = 0; path = JGZImageBrowerDemo.app; sourceTree = BUILT_PRODUCTS_DIR; };
		6F6137A92094591E00650CBF /* AppDelegate.h */ = {isa = PBXFileReference; lastKnownFileType = sourcecode.c.h; path = AppDelegate.h; sourceTree = "<group>"; };
		6F6137AA2094591E00650CBF /* AppDelegate.m */ = {isa = PBXFileReference; lastKnownFileType = sourcecode.c.objc; path = AppDelegate.m; sourceTree = "<group>"; };
		6F6137AC2094591E00650CBF /* ViewController.h */ = {isa = PBXFileReference; lastKnownFileType = sourcecode.c.h; path = ViewController.h; sourceTree = "<group>"; };
		6F6137AD2094591E00650CBF /* ViewController.m */ = {isa = PBXFileReference; lastKnownFileType = sourcecode.c.objc; path = ViewController.m; sourceTree = "<group>"; };
		6F6137B02094591E00650CBF /* Base */ = {isa = PBXFileReference; lastKnownFileType = file.storyboard; name = Base; path = Base.lproj/Main.storyboard; sourceTree = "<group>"; };
		6F6137B22094591F00650CBF /* Assets.xcassets */ = {isa = PBXFileReference; lastKnownFileType = folder.assetcatalog; path = Assets.xcassets; sourceTree = "<group>"; };
		6F6137B52094591F00650CBF /* Base */ = {isa = PBXFileReference; lastKnownFileType = file.storyboard; name = Base; path = Base.lproj/LaunchScreen.storyboard; sourceTree = "<group>"; };
		6F6137B72094591F00650CBF /* Info.plist */ = {isa = PBXFileReference; lastKnownFileType = text.plist.xml; path = Info.plist; sourceTree = "<group>"; };
		6F6137B82094591F00650CBF /* main.m */ = {isa = PBXFileReference; lastKnownFileType = sourcecode.c.objc; path = main.m; sourceTree = "<group>"; };
		6F6137C0209459AA00650CBF /* JGZImageBrowser.h */ = {isa = PBXFileReference; lastKnownFileType = sourcecode.c.h; path = JGZImageBrowser.h; sourceTree = "<group>"; };
		6F6137C1209459AA00650CBF /* JGZImageBrowser.m */ = {isa = PBXFileReference; lastKnownFileType = sourcecode.c.objc; path = JGZImageBrowser.m; sourceTree = "<group>"; };
		6F6137C320945D3300650CBF /* JGZImageTool.h */ = {isa = PBXFileReference; lastKnownFileType = sourcecode.c.h; path = JGZImageTool.h; sourceTree = "<group>"; };
		6F6137C420945D3300650CBF /* JGZImageTool.m */ = {isa = PBXFileReference; lastKnownFileType = sourcecode.c.objc; path = JGZImageTool.m; sourceTree = "<group>"; };
		6F6137C620945F0F00650CBF /* JGZImageBrowserView.h */ = {isa = PBXFileReference; lastKnownFileType = sourcecode.c.h; path = JGZImageBrowserView.h; sourceTree = "<group>"; };
		6F6137C720945F0F00650CBF /* JGZImageBrowserView.m */ = {isa = PBXFileReference; lastKnownFileType = sourcecode.c.objc; path = JGZImageBrowserView.m; sourceTree = "<group>"; };
		6F6137C9209461BB00650CBF /* JGZImageBrowserViewLayout.h */ = {isa = PBXFileReference; lastKnownFileType = sourcecode.c.h; path = JGZImageBrowserViewLayout.h; sourceTree = "<group>"; };
		6F6137CA209461BB00650CBF /* JGZImageBrowserViewLayout.m */ = {isa = PBXFileReference; lastKnownFileType = sourcecode.c.objc; path = JGZImageBrowserViewLayout.m; sourceTree = "<group>"; };
		6F6137CC2094633F00650CBF /* JGZImageBrowserViewCell.h */ = {isa = PBXFileReference; lastKnownFileType = sourcecode.c.h; path = JGZImageBrowserViewCell.h; sourceTree = "<group>"; };
		6F6137CD2094633F00650CBF /* JGZImageBrowserViewCell.m */ = {isa = PBXFileReference; lastKnownFileType = sourcecode.c.objc; path = JGZImageBrowserViewCell.m; sourceTree = "<group>"; };
		6F6137D020946B1E00650CBF /* localBigImage0.jpeg */ = {isa = PBXFileReference; lastKnownFileType = image.jpeg; path = localBigImage0.jpeg; sourceTree = "<group>"; };
		6F6137D120946B1E00650CBF /* localImage0.jpeg */ = {isa = PBXFileReference; lastKnownFileType = image.jpeg; path = localImage0.jpeg; sourceTree = "<group>"; };
		6F6137D220946B1E00650CBF /* localImage1.jpeg */ = {isa = PBXFileReference; lastKnownFileType = image.jpeg; path = localImage1.jpeg; sourceTree = "<group>"; };
		6F6137D320946B1E00650CBF /* localImage2.jpeg */ = {isa = PBXFileReference; lastKnownFileType = image.jpeg; path = localImage2.jpeg; sourceTree = "<group>"; };
		6F6137D420946B1E00650CBF /* localImage3.jpeg */ = {isa = PBXFileReference; lastKnownFileType = image.jpeg; path = localImage3.jpeg; sourceTree = "<group>"; };
		6F6137D520946B1E00650CBF /* localImage4.jpeg */ = {isa = PBXFileReference; lastKnownFileType = image.jpeg; path = localImage4.jpeg; sourceTree = "<group>"; };
		6F6137D620946B1E00650CBF /* localImage5.jpeg */ = {isa = PBXFileReference; lastKnownFileType = image.jpeg; path = localImage5.jpeg; sourceTree = "<group>"; };
		6F6137D720946B1E00650CBF /* localImage6.jpeg */ = {isa = PBXFileReference; lastKnownFileType = image.jpeg; path = localImage6.jpeg; sourceTree = "<group>"; };
		6F6137D820946B1E00650CBF /* localImage7.jpeg */ = {isa = PBXFileReference; lastKnownFileType = image.jpeg; path = localImage7.jpeg; sourceTree = "<group>"; };
		6F6137D920946B1E00650CBF /* localImage8.jpeg */ = {isa = PBXFileReference; lastKnownFileType = image.jpeg; path = localImage8.jpeg; sourceTree = "<group>"; };
		6F71B2C2209968870042A7F2 /* JGZImageBrowserModel.h */ = {isa = PBXFileReference; lastKnownFileType = sourcecode.c.h; path = JGZImageBrowserModel.h; sourceTree = "<group>"; };
		6F71B2C3209968870042A7F2 /* JGZImageBrowserModel.m */ = {isa = PBXFileReference; lastKnownFileType = sourcecode.c.objc; path = JGZImageBrowserModel.m; sourceTree = "<group>"; };
		6F71B2C72099B4140042A7F2 /* FLAnimatedImageView+WebCache.h */ = {isa = PBXFileReference; fileEncoding = 4; lastKnownFileType = sourcecode.c.h; path = "FLAnimatedImageView+WebCache.h"; sourceTree = "<group>"; };
		6F71B2C82099B4140042A7F2 /* FLAnimatedImageView+WebCache.m */ = {isa = PBXFileReference; fileEncoding = 4; lastKnownFileType = sourcecode.c.objc; path = "FLAnimatedImageView+WebCache.m"; sourceTree = "<group>"; };
		6F71B2C92099B4140042A7F2 /* MKAnnotationView+WebCache.h */ = {isa = PBXFileReference; fileEncoding = 4; lastKnownFileType = sourcecode.c.h; path = "MKAnnotationView+WebCache.h"; sourceTree = "<group>"; };
		6F71B2CA2099B4140042A7F2 /* MKAnnotationView+WebCache.m */ = {isa = PBXFileReference; fileEncoding = 4; lastKnownFileType = sourcecode.c.objc; path = "MKAnnotationView+WebCache.m"; sourceTree = "<group>"; };
		6F71B2CB2099B4140042A7F2 /* NSButton+WebCache.h */ = {isa = PBXFileReference; fileEncoding = 4; lastKnownFileType = sourcecode.c.h; path = "NSButton+WebCache.h"; sourceTree = "<group>"; };
		6F71B2CC2099B4140042A7F2 /* NSButton+WebCache.m */ = {isa = PBXFileReference; fileEncoding = 4; lastKnownFileType = sourcecode.c.objc; path = "NSButton+WebCache.m"; sourceTree = "<group>"; };
		6F71B2CD2099B4140042A7F2 /* NSData+ImageContentType.h */ = {isa = PBXFileReference; fileEncoding = 4; lastKnownFileType = sourcecode.c.h; path = "NSData+ImageContentType.h"; sourceTree = "<group>"; };
		6F71B2CE2099B4140042A7F2 /* NSData+ImageContentType.m */ = {isa = PBXFileReference; fileEncoding = 4; lastKnownFileType = sourcecode.c.objc; path = "NSData+ImageContentType.m"; sourceTree = "<group>"; };
		6F71B2CF2099B4140042A7F2 /* NSImage+WebCache.h */ = {isa = PBXFileReference; fileEncoding = 4; lastKnownFileType = sourcecode.c.h; path = "NSImage+WebCache.h"; sourceTree = "<group>"; };
		6F71B2D02099B4140042A7F2 /* NSImage+WebCache.m */ = {isa = PBXFileReference; fileEncoding = 4; lastKnownFileType = sourcecode.c.objc; path = "NSImage+WebCache.m"; sourceTree = "<group>"; };
		6F71B2D12099B4140042A7F2 /* SDAnimatedImageRep.h */ = {isa = PBXFileReference; fileEncoding = 4; lastKnownFileType = sourcecode.c.h; path = SDAnimatedImageRep.h; sourceTree = "<group>"; };
		6F71B2D22099B4140042A7F2 /* SDAnimatedImageRep.m */ = {isa = PBXFileReference; fileEncoding = 4; lastKnownFileType = sourcecode.c.objc; path = SDAnimatedImageRep.m; sourceTree = "<group>"; };
		6F71B2D32099B4140042A7F2 /* SDImageCache.h */ = {isa = PBXFileReference; fileEncoding = 4; lastKnownFileType = sourcecode.c.h; path = SDImageCache.h; sourceTree = "<group>"; };
		6F71B2D42099B4140042A7F2 /* SDImageCache.m */ = {isa = PBXFileReference; fileEncoding = 4; lastKnownFileType = sourcecode.c.objc; path = SDImageCache.m; sourceTree = "<group>"; };
		6F71B2D52099B4140042A7F2 /* SDImageCacheConfig.h */ = {isa = PBXFileReference; fileEncoding = 4; lastKnownFileType = sourcecode.c.h; path = SDImageCacheConfig.h; sourceTree = "<group>"; };
		6F71B2D62099B4140042A7F2 /* SDImageCacheConfig.m */ = {isa = PBXFileReference; fileEncoding = 4; lastKnownFileType = sourcecode.c.objc; path = SDImageCacheConfig.m; sourceTree = "<group>"; };
		6F71B2D72099B4140042A7F2 /* SDWebImageCoder.h */ = {isa = PBXFileReference; fileEncoding = 4; lastKnownFileType = sourcecode.c.h; path = SDWebImageCoder.h; sourceTree = "<group>"; };
		6F71B2D82099B4140042A7F2 /* SDWebImageCoder.m */ = {isa = PBXFileReference; fileEncoding = 4; lastKnownFileType = sourcecode.c.objc; path = SDWebImageCoder.m; sourceTree = "<group>"; };
		6F71B2D92099B4140042A7F2 /* SDWebImageCoderHelper.h */ = {isa = PBXFileReference; fileEncoding = 4; lastKnownFileType = sourcecode.c.h; path = SDWebImageCoderHelper.h; sourceTree = "<group>"; };
		6F71B2DA2099B4140042A7F2 /* SDWebImageCoderHelper.m */ = {isa = PBXFileReference; fileEncoding = 4; lastKnownFileType = sourcecode.c.objc; path = SDWebImageCoderHelper.m; sourceTree = "<group>"; };
		6F71B2DB2099B4140042A7F2 /* SDWebImageCodersManager.h */ = {isa = PBXFileReference; fileEncoding = 4; lastKnownFileType = sourcecode.c.h; path = SDWebImageCodersManager.h; sourceTree = "<group>"; };
		6F71B2DC2099B4140042A7F2 /* SDWebImageCodersManager.m */ = {isa = PBXFileReference; fileEncoding = 4; lastKnownFileType = sourcecode.c.objc; path = SDWebImageCodersManager.m; sourceTree = "<group>"; };
		6F71B2DD2099B4140042A7F2 /* SDWebImageCompat.h */ = {isa = PBXFileReference; fileEncoding = 4; lastKnownFileType = sourcecode.c.h; path = SDWebImageCompat.h; sourceTree = "<group>"; };
		6F71B2DE2099B4140042A7F2 /* SDWebImageCompat.m */ = {isa = PBXFileReference; fileEncoding = 4; lastKnownFileType = sourcecode.c.objc; path = SDWebImageCompat.m; sourceTree = "<group>"; };
		6F71B2DF2099B4140042A7F2 /* SDWebImageDownloader.h */ = {isa = PBXFileReference; fileEncoding = 4; lastKnownFileType = sourcecode.c.h; path = SDWebImageDownloader.h; sourceTree = "<group>"; };
		6F71B2E02099B4140042A7F2 /* SDWebImageDownloader.m */ = {isa = PBXFileReference; fileEncoding = 4; lastKnownFileType = sourcecode.c.objc; path = SDWebImageDownloader.m; sourceTree = "<group>"; };
		6F71B2E12099B4140042A7F2 /* SDWebImageDownloaderOperation.h */ = {isa = PBXFileReference; fileEncoding = 4; lastKnownFileType = sourcecode.c.h; path = SDWebImageDownloaderOperation.h; sourceTree = "<group>"; };
		6F71B2E22099B4140042A7F2 /* SDWebImageDownloaderOperation.m */ = {isa = PBXFileReference; fileEncoding = 4; lastKnownFileType = sourcecode.c.objc; path = SDWebImageDownloaderOperation.m; sourceTree = "<group>"; };
		6F71B2E32099B4140042A7F2 /* SDWebImageFrame.h */ = {isa = PBXFileReference; fileEncoding = 4; lastKnownFileType = sourcecode.c.h; path = SDWebImageFrame.h; sourceTree = "<group>"; };
		6F71B2E42099B4140042A7F2 /* SDWebImageFrame.m */ = {isa = PBXFileReference; fileEncoding = 4; lastKnownFileType = sourcecode.c.objc; path = SDWebImageFrame.m; sourceTree = "<group>"; };
		6F71B2E52099B4140042A7F2 /* SDWebImageGIFCoder.h */ = {isa = PBXFileReference; fileEncoding = 4; lastKnownFileType = sourcecode.c.h; path = SDWebImageGIFCoder.h; sourceTree = "<group>"; };
		6F71B2E62099B4140042A7F2 /* SDWebImageGIFCoder.m */ = {isa = PBXFileReference; fileEncoding = 4; lastKnownFileType = sourcecode.c.objc; path = SDWebImageGIFCoder.m; sourceTree = "<group>"; };
		6F71B2E72099B4140042A7F2 /* SDWebImageImageIOCoder.h */ = {isa = PBXFileReference; fileEncoding = 4; lastKnownFileType = sourcecode.c.h; path = SDWebImageImageIOCoder.h; sourceTree = "<group>"; };
		6F71B2E82099B4140042A7F2 /* SDWebImageImageIOCoder.m */ = {isa = PBXFileReference; fileEncoding = 4; lastKnownFileType = sourcecode.c.objc; path = SDWebImageImageIOCoder.m; sourceTree = "<group>"; };
		6F71B2E92099B4140042A7F2 /* SDWebImageManager.h */ = {isa = PBXFileReference; fileEncoding = 4; lastKnownFileType = sourcecode.c.h; path = SDWebImageManager.h; sourceTree = "<group>"; };
		6F71B2EA2099B4140042A7F2 /* SDWebImageManager.m */ = {isa = PBXFileReference; fileEncoding = 4; lastKnownFileType = sourcecode.c.objc; path = SDWebImageManager.m; sourceTree = "<group>"; };
		6F71B2EB2099B4140042A7F2 /* SDWebImageOperation.h */ = {isa = PBXFileReference; fileEncoding = 4; lastKnownFileType = sourcecode.c.h; path = SDWebImageOperation.h; sourceTree = "<group>"; };
		6F71B2EC2099B4140042A7F2 /* SDWebImagePrefetcher.h */ = {isa = PBXFileReference; fileEncoding = 4; lastKnownFileType = sourcecode.c.h; path = SDWebImagePrefetcher.h; sourceTree = "<group>"; };
		6F71B2ED2099B4140042A7F2 /* SDWebImagePrefetcher.m */ = {isa = PBXFileReference; fileEncoding = 4; lastKnownFileType = sourcecode.c.objc; path = SDWebImagePrefetcher.m; sourceTree = "<group>"; };
		6F71B2EE2099B4140042A7F2 /* SDWebImageTransition.h */ = {isa = PBXFileReference; fileEncoding = 4; lastKnownFileType = sourcecode.c.h; path = SDWebImageTransition.h; sourceTree = "<group>"; };
		6F71B2EF2099B4140042A7F2 /* SDWebImageTransition.m */ = {isa = PBXFileReference; fileEncoding = 4; lastKnownFileType = sourcecode.c.objc; path = SDWebImageTransition.m; sourceTree = "<group>"; };
		6F71B2F02099B4140042A7F2 /* SDWebImageWebPCoder.h */ = {isa = PBXFileReference; fileEncoding = 4; lastKnownFileType = sourcecode.c.h; path = SDWebImageWebPCoder.h; sourceTree = "<group>"; };
		6F71B2F12099B4140042A7F2 /* SDWebImageWebPCoder.m */ = {isa = PBXFileReference; fileEncoding = 4; lastKnownFileType = sourcecode.c.objc; path = SDWebImageWebPCoder.m; sourceTree = "<group>"; };
		6F71B2F22099B4140042A7F2 /* UIButton+WebCache.h */ = {isa = PBXFileReference; fileEncoding = 4; lastKnownFileType = sourcecode.c.h; path = "UIButton+WebCache.h"; sourceTree = "<group>"; };
		6F71B2F32099B4140042A7F2 /* UIButton+WebCache.m */ = {isa = PBXFileReference; fileEncoding = 4; lastKnownFileType = sourcecode.c.objc; path = "UIButton+WebCache.m"; sourceTree = "<group>"; };
		6F71B2F42099B4140042A7F2 /* UIImage+ForceDecode.h */ = {isa = PBXFileReference; fileEncoding = 4; lastKnownFileType = sourcecode.c.h; path = "UIImage+ForceDecode.h"; sourceTree = "<group>"; };
		6F71B2F52099B4140042A7F2 /* UIImage+ForceDecode.m */ = {isa = PBXFileReference; fileEncoding = 4; lastKnownFileType = sourcecode.c.objc; path = "UIImage+ForceDecode.m"; sourceTree = "<group>"; };
		6F71B2F62099B4140042A7F2 /* UIImage+GIF.h */ = {isa = PBXFileReference; fileEncoding = 4; lastKnownFileType = sourcecode.c.h; path = "UIImage+GIF.h"; sourceTree = "<group>"; };
		6F71B2F72099B4140042A7F2 /* UIImage+GIF.m */ = {isa = PBXFileReference; fileEncoding = 4; lastKnownFileType = sourcecode.c.objc; path = "UIImage+GIF.m"; sourceTree = "<group>"; };
		6F71B2F82099B4140042A7F2 /* UIImage+MultiFormat.h */ = {isa = PBXFileReference; fileEncoding = 4; lastKnownFileType = sourcecode.c.h; path = "UIImage+MultiFormat.h"; sourceTree = "<group>"; };
		6F71B2F92099B4140042A7F2 /* UIImage+MultiFormat.m */ = {isa = PBXFileReference; fileEncoding = 4; lastKnownFileType = sourcecode.c.objc; path = "UIImage+MultiFormat.m"; sourceTree = "<group>"; };
		6F71B2FA2099B4140042A7F2 /* UIImage+WebP.h */ = {isa = PBXFileReference; fileEncoding = 4; lastKnownFileType = sourcecode.c.h; path = "UIImage+WebP.h"; sourceTree = "<group>"; };
		6F71B2FB2099B4140042A7F2 /* UIImage+WebP.m */ = {isa = PBXFileReference; fileEncoding = 4; lastKnownFileType = sourcecode.c.objc; path = "UIImage+WebP.m"; sourceTree = "<group>"; };
		6F71B2FC2099B4140042A7F2 /* UIImageView+HighlightedWebCache.h */ = {isa = PBXFileReference; fileEncoding = 4; lastKnownFileType = sourcecode.c.h; path = "UIImageView+HighlightedWebCache.h"; sourceTree = "<group>"; };
		6F71B2FD2099B4140042A7F2 /* UIImageView+HighlightedWebCache.m */ = {isa = PBXFileReference; fileEncoding = 4; lastKnownFileType = sourcecode.c.objc; path = "UIImageView+HighlightedWebCache.m"; sourceTree = "<group>"; };
		6F71B2FE2099B4140042A7F2 /* UIImageView+WebCache.h */ = {isa = PBXFileReference; fileEncoding = 4; lastKnownFileType = sourcecode.c.h; path = "UIImageView+WebCache.h"; sourceTree = "<group>"; };
		6F71B2FF2099B4140042A7F2 /* UIImageView+WebCache.m */ = {isa = PBXFileReference; fileEncoding = 4; lastKnownFileType = sourcecode.c.objc; path = "UIImageView+WebCache.m"; sourceTree = "<group>"; };
		6F71B3002099B4140042A7F2 /* UIView+WebCache.h */ = {isa = PBXFileReference; fileEncoding = 4; lastKnownFileType = sourcecode.c.h; path = "UIView+WebCache.h"; sourceTree = "<group>"; };
		6F71B3012099B4140042A7F2 /* UIView+WebCache.m */ = {isa = PBXFileReference; fileEncoding = 4; lastKnownFileType = sourcecode.c.objc; path = "UIView+WebCache.m"; sourceTree = "<group>"; };
		6F71B3022099B4140042A7F2 /* UIView+WebCacheOperation.h */ = {isa = PBXFileReference; fileEncoding = 4; lastKnownFileType = sourcecode.c.h; path = "UIView+WebCacheOperation.h"; sourceTree = "<group>"; };
		6F71B3032099B4140042A7F2 /* UIView+WebCacheOperation.m */ = {isa = PBXFileReference; fileEncoding = 4; lastKnownFileType = sourcecode.c.objc; path = "UIView+WebCacheOperation.m"; sourceTree = "<group>"; };
		6F71B3222099B9600042A7F2 /* FLAnimatedImageView.m */ = {isa = PBXFileReference; fileEncoding = 4; lastKnownFileType = sourcecode.c.objc; path = FLAnimatedImageView.m; sourceTree = "<group>"; };
		6F71B3232099B9600042A7F2 /* FLAnimatedImageView.h */ = {isa = PBXFileReference; fileEncoding = 4; lastKnownFileType = sourcecode.c.h; path = FLAnimatedImageView.h; sourceTree = "<group>"; };
		6F71B3242099B9610042A7F2 /* FLAnimatedImage.m */ = {isa = PBXFileReference; fileEncoding = 4; lastKnownFileType = sourcecode.c.objc; path = FLAnimatedImage.m; sourceTree = "<group>"; };
		6F71B3252099B9610042A7F2 /* FLAnimatedImage.h */ = {isa = PBXFileReference; fileEncoding = 4; lastKnownFileType = sourcecode.c.h; path = FLAnimatedImage.h; sourceTree = "<group>"; };
		6F71B3282099BAEF0042A7F2 /* JGZ_SD_WebImage.h */ = {isa = PBXFileReference; lastKnownFileType = sourcecode.c.h; path = JGZ_SD_WebImage.h; sourceTree = "<group>"; };
		6F71B3292099BAEF0042A7F2 /* JGZ_SD_WebImage.m */ = {isa = PBXFileReference; lastKnownFileType = sourcecode.c.objc; path = JGZ_SD_WebImage.m; sourceTree = "<group>"; };
/* End PBXFileReference section */

/* Begin PBXFrameworksBuildPhase section */
		6F6137A32094591E00650CBF /* Frameworks */ = {
			isa = PBXFrameworksBuildPhase;
			buildActionMask = 2147483647;
			files = (
			);
			runOnlyForDeploymentPostprocessing = 0;
		};
/* End PBXFrameworksBuildPhase section */

/* Begin PBXGroup section */
		6F61379D2094591E00650CBF = {
			isa = PBXGroup;
			children = (
				6F6137A82094591E00650CBF /* JGZImageBrowerDemo */,
				6F6137A72094591E00650CBF /* Products */,
			);
			sourceTree = "<group>";
		};
		6F6137A72094591E00650CBF /* Products */ = {
			isa = PBXGroup;
			children = (
				6F6137A62094591E00650CBF /* JGZImageBrowerDemo.app */,
			);
			name = Products;
			sourceTree = "<group>";
		};
		6F6137A82094591E00650CBF /* JGZImageBrowerDemo */ = {
			isa = PBXGroup;
			children = (
				6F6137BF2094592E00650CBF /* JGZImageBrowser */,
				6F6137A92094591E00650CBF /* AppDelegate.h */,
				6F6137AA2094591E00650CBF /* AppDelegate.m */,
				6F6137AC2094591E00650CBF /* ViewController.h */,
				6F6137AD2094591E00650CBF /* ViewController.m */,
				6F6137CF20946B1E00650CBF /* LocalImages */,
				6F6137AF2094591E00650CBF /* Main.storyboard */,
				6F6137B22094591F00650CBF /* Assets.xcassets */,
				6F6137B42094591F00650CBF /* LaunchScreen.storyboard */,
				6F6137B72094591F00650CBF /* Info.plist */,
				6F6137B82094591F00650CBF /* main.m */,
			);
			path = JGZImageBrowerDemo;
			sourceTree = "<group>";
		};
		6F6137BF2094592E00650CBF /* JGZImageBrowser */ = {
			isa = PBXGroup;
			children = (
				6F71B2C52099B4140042A7F2 /* SDWebImage4.3.3 */,
				6F6137C0209459AA00650CBF /* JGZImageBrowser.h */,
				6F6137C1209459AA00650CBF /* JGZImageBrowser.m */,
				6F71B2C2209968870042A7F2 /* JGZImageBrowserModel.h */,
				6F71B2C3209968870042A7F2 /* JGZImageBrowserModel.m */,
				6F6137C620945F0F00650CBF /* JGZImageBrowserView.h */,
				6F6137C720945F0F00650CBF /* JGZImageBrowserView.m */,
				6F6137C9209461BB00650CBF /* JGZImageBrowserViewLayout.h */,
				6F6137CA209461BB00650CBF /* JGZImageBrowserViewLayout.m */,
				6F6137CC2094633F00650CBF /* JGZImageBrowserViewCell.h */,
				6F6137CD2094633F00650CBF /* JGZImageBrowserViewCell.m */,
				6F6137C320945D3300650CBF /* JGZImageTool.h */,
				6F6137C420945D3300650CBF /* JGZImageTool.m */,
				6F71B3282099BAEF0042A7F2 /* JGZ_SD_WebImage.h */,
				6F71B3292099BAEF0042A7F2 /* JGZ_SD_WebImage.m */,
			);
			path = JGZImageBrowser;
			sourceTree = "<group>";
		};
		6F6137CF20946B1E00650CBF /* LocalImages */ = {
			isa = PBXGroup;
			children = (
				6F6137D020946B1E00650CBF /* localBigImage0.jpeg */,
				6F6137D120946B1E00650CBF /* localImage0.jpeg */,
				6F6137D220946B1E00650CBF /* localImage1.jpeg */,
				6F6137D320946B1E00650CBF /* localImage2.jpeg */,
				6F6137D420946B1E00650CBF /* localImage3.jpeg */,
				6F6137D520946B1E00650CBF /* localImage4.jpeg */,
				6F6137D620946B1E00650CBF /* localImage5.jpeg */,
				6F6137D720946B1E00650CBF /* localImage6.jpeg */,
				6F6137D820946B1E00650CBF /* localImage7.jpeg */,
				6F6137D920946B1E00650CBF /* localImage8.jpeg */,
			);
			path = LocalImages;
			sourceTree = "<group>";
		};
		6F71B2C52099B4140042A7F2 /* SDWebImage4.3.3 */ = {
			isa = PBXGroup;
			children = (
				6F71B2C62099B4140042A7F2 /* FLAnimatedImage */,
				6F71B2C92099B4140042A7F2 /* MKAnnotationView+WebCache.h */,
				6F71B2CA2099B4140042A7F2 /* MKAnnotationView+WebCache.m */,
				6F71B2CB2099B4140042A7F2 /* NSButton+WebCache.h */,
				6F71B2CC2099B4140042A7F2 /* NSButton+WebCache.m */,
				6F71B2CD2099B4140042A7F2 /* NSData+ImageContentType.h */,
				6F71B2CE2099B4140042A7F2 /* NSData+ImageContentType.m */,
				6F71B2CF2099B4140042A7F2 /* NSImage+WebCache.h */,
				6F71B2D02099B4140042A7F2 /* NSImage+WebCache.m */,
				6F71B2D12099B4140042A7F2 /* SDAnimatedImageRep.h */,
				6F71B2D22099B4140042A7F2 /* SDAnimatedImageRep.m */,
				6F71B2D32099B4140042A7F2 /* SDImageCache.h */,
				6F71B2D42099B4140042A7F2 /* SDImageCache.m */,
				6F71B2D52099B4140042A7F2 /* SDImageCacheConfig.h */,
				6F71B2D62099B4140042A7F2 /* SDImageCacheConfig.m */,
				6F71B2D72099B4140042A7F2 /* SDWebImageCoder.h */,
				6F71B2D82099B4140042A7F2 /* SDWebImageCoder.m */,
				6F71B2D92099B4140042A7F2 /* SDWebImageCoderHelper.h */,
				6F71B2DA2099B4140042A7F2 /* SDWebImageCoderHelper.m */,
				6F71B2DB2099B4140042A7F2 /* SDWebImageCodersManager.h */,
				6F71B2DC2099B4140042A7F2 /* SDWebImageCodersManager.m */,
				6F71B2DD2099B4140042A7F2 /* SDWebImageCompat.h */,
				6F71B2DE2099B4140042A7F2 /* SDWebImageCompat.m */,
				6F71B2DF2099B4140042A7F2 /* SDWebImageDownloader.h */,
				6F71B2E02099B4140042A7F2 /* SDWebImageDownloader.m */,
				6F71B2E12099B4140042A7F2 /* SDWebImageDownloaderOperation.h */,
				6F71B2E22099B4140042A7F2 /* SDWebImageDownloaderOperation.m */,
				6F71B2E32099B4140042A7F2 /* SDWebImageFrame.h */,
				6F71B2E42099B4140042A7F2 /* SDWebImageFrame.m */,
				6F71B2E52099B4140042A7F2 /* SDWebImageGIFCoder.h */,
				6F71B2E62099B4140042A7F2 /* SDWebImageGIFCoder.m */,
				6F71B2E72099B4140042A7F2 /* SDWebImageImageIOCoder.h */,
				6F71B2E82099B4140042A7F2 /* SDWebImageImageIOCoder.m */,
				6F71B2E92099B4140042A7F2 /* SDWebImageManager.h */,
				6F71B2EA2099B4140042A7F2 /* SDWebImageManager.m */,
				6F71B2EB2099B4140042A7F2 /* SDWebImageOperation.h */,
				6F71B2EC2099B4140042A7F2 /* SDWebImagePrefetcher.h */,
				6F71B2ED2099B4140042A7F2 /* SDWebImagePrefetcher.m */,
				6F71B2EE2099B4140042A7F2 /* SDWebImageTransition.h */,
				6F71B2EF2099B4140042A7F2 /* SDWebImageTransition.m */,
				6F71B2F02099B4140042A7F2 /* SDWebImageWebPCoder.h */,
				6F71B2F12099B4140042A7F2 /* SDWebImageWebPCoder.m */,
				6F71B2F22099B4140042A7F2 /* UIButton+WebCache.h */,
				6F71B2F32099B4140042A7F2 /* UIButton+WebCache.m */,
				6F71B2F42099B4140042A7F2 /* UIImage+ForceDecode.h */,
				6F71B2F52099B4140042A7F2 /* UIImage+ForceDecode.m */,
				6F71B2F62099B4140042A7F2 /* UIImage+GIF.h */,
				6F71B2F72099B4140042A7F2 /* UIImage+GIF.m */,
				6F71B2F82099B4140042A7F2 /* UIImage+MultiFormat.h */,
				6F71B2F92099B4140042A7F2 /* UIImage+MultiFormat.m */,
				6F71B2FA2099B4140042A7F2 /* UIImage+WebP.h */,
				6F71B2FB2099B4140042A7F2 /* UIImage+WebP.m */,
				6F71B2FC2099B4140042A7F2 /* UIImageView+HighlightedWebCache.h */,
				6F71B2FD2099B4140042A7F2 /* UIImageView+HighlightedWebCache.m */,
				6F71B2FE2099B4140042A7F2 /* UIImageView+WebCache.h */,
				6F71B2FF2099B4140042A7F2 /* UIImageView+WebCache.m */,
				6F71B3002099B4140042A7F2 /* UIView+WebCache.h */,
				6F71B3012099B4140042A7F2 /* UIView+WebCache.m */,
				6F71B3022099B4140042A7F2 /* UIView+WebCacheOperation.h */,
				6F71B3032099B4140042A7F2 /* UIView+WebCacheOperation.m */,
			);
			path = SDWebImage4.3.3;
			sourceTree = "<group>";
		};
		6F71B2C62099B4140042A7F2 /* FLAnimatedImage */ = {
			isa = PBXGroup;
			children = (
				6F71B3252099B9610042A7F2 /* FLAnimatedImage.h */,
				6F71B3242099B9610042A7F2 /* FLAnimatedImage.m */,
				6F71B3232099B9600042A7F2 /* FLAnimatedImageView.h */,
				6F71B3222099B9600042A7F2 /* FLAnimatedImageView.m */,
				6F71B2C72099B4140042A7F2 /* FLAnimatedImageView+WebCache.h */,
				6F71B2C82099B4140042A7F2 /* FLAnimatedImageView+WebCache.m */,
			);
			path = FLAnimatedImage;
			sourceTree = "<group>";
		};
/* End PBXGroup section */

/* Begin PBXNativeTarget section */
		6F6137A52094591E00650CBF /* JGZImageBrowerDemo */ = {
			isa = PBXNativeTarget;
			buildConfigurationList = 6F6137BC2094591F00650CBF /* Build configuration list for PBXNativeTarget "JGZImageBrowerDemo" */;
			buildPhases = (
				6F6137A22094591E00650CBF /* Sources */,
				6F6137A32094591E00650CBF /* Frameworks */,
				6F6137A42094591E00650CBF /* Resources */,
			);
			buildRules = (
			);
			dependencies = (
			);
			name = JGZImageBrowerDemo;
			productName = JGZImageBrowerDemo;
			productReference = 6F6137A62094591E00650CBF /* JGZImageBrowerDemo.app */;
			productType = "com.apple.product-type.application";
		};
/* End PBXNativeTarget section */

/* Begin PBXProject section */
		6F61379E2094591E00650CBF /* Project object */ = {
			isa = PBXProject;
			attributes = {
				LastUpgradeCheck = 0930;
				ORGANIZATIONNAME = " jgzhu";
				TargetAttributes = {
					6F6137A52094591E00650CBF = {
						CreatedOnToolsVersion = 9.3;
					};
				};
			};
			buildConfigurationList = 6F6137A12094591E00650CBF /* Build configuration list for PBXProject "JGZImageBrowerDemo" */;
			compatibilityVersion = "Xcode 9.3";
			developmentRegion = en;
			hasScannedForEncodings = 0;
			knownRegions = (
				en,
				Base,
			);
			mainGroup = 6F61379D2094591E00650CBF;
			productRefGroup = 6F6137A72094591E00650CBF /* Products */;
			projectDirPath = "";
			projectRoot = "";
			targets = (
				6F6137A52094591E00650CBF /* JGZImageBrowerDemo */,
			);
		};
/* End PBXProject section */

/* Begin PBXResourcesBuildPhase section */
		6F6137A42094591E00650CBF /* Resources */ = {
			isa = PBXResourcesBuildPhase;
			buildActionMask = 2147483647;
			files = (
				6F6137B62094591F00650CBF /* LaunchScreen.storyboard in Resources */,
				6F6137E220946B1E00650CBF /* localImage7.jpeg in Resources */,
				6F6137DC20946B1E00650CBF /* localImage1.jpeg in Resources */,
				6F6137B32094591F00650CBF /* Assets.xcassets in Resources */,
				6F6137B12094591E00650CBF /* Main.storyboard in Resources */,
				6F6137DF20946B1E00650CBF /* localImage4.jpeg in Resources */,
				6F6137DD20946B1E00650CBF /* localImage2.jpeg in Resources */,
				6F6137DE20946B1E00650CBF /* localImage3.jpeg in Resources */,
				6F6137E320946B1E00650CBF /* localImage8.jpeg in Resources */,
				6F6137E120946B1E00650CBF /* localImage6.jpeg in Resources */,
				6F6137DA20946B1E00650CBF /* localBigImage0.jpeg in Resources */,
				6F6137DB20946B1E00650CBF /* localImage0.jpeg in Resources */,
				6F6137E020946B1E00650CBF /* localImage5.jpeg in Resources */,
			);
			runOnlyForDeploymentPostprocessing = 0;
		};
/* End PBXResourcesBuildPhase section */

/* Begin PBXSourcesBuildPhase section */
		6F6137A22094591E00650CBF /* Sources */ = {
			isa = PBXSourcesBuildPhase;
			buildActionMask = 2147483647;
			files = (
				6F71B31B2099B4140042A7F2 /* UIImage+GIF.m in Sources */,
				6F71B3212099B4140042A7F2 /* UIView+WebCacheOperation.m in Sources */,
				6F6137AE2094591E00650CBF /* ViewController.m in Sources */,
				6F71B3162099B4140042A7F2 /* SDWebImagePrefetcher.m in Sources */,
				6F71B3052099B4140042A7F2 /* MKAnnotationView+WebCache.m in Sources */,
				6F71B3042099B4140042A7F2 /* FLAnimatedImageView+WebCache.m in Sources */,
				6F71B30D2099B4140042A7F2 /* SDWebImageCoderHelper.m in Sources */,
				6F71B30C2099B4140042A7F2 /* SDWebImageCoder.m in Sources */,
				6F71B3132099B4140042A7F2 /* SDWebImageGIFCoder.m in Sources */,
				6F71B31C2099B4140042A7F2 /* UIImage+MultiFormat.m in Sources */,
				6F71B3072099B4140042A7F2 /* NSData+ImageContentType.m in Sources */,
				6F71B3202099B4140042A7F2 /* UIView+WebCache.m in Sources */,
				6F71B2C4209968870042A7F2 /* JGZImageBrowserModel.m in Sources */,
				6F71B3182099B4140042A7F2 /* SDWebImageWebPCoder.m in Sources */,
				6F71B3272099B9610042A7F2 /* FLAnimatedImage.m in Sources */,
				6F71B31F2099B4140042A7F2 /* UIImageView+WebCache.m in Sources */,
				6F71B30B2099B4140042A7F2 /* SDImageCacheConfig.m in Sources */,
				6F71B3062099B4140042A7F2 /* NSButton+WebCache.m in Sources */,
				6F71B3192099B4140042A7F2 /* UIButton+WebCache.m in Sources */,
				6F6137CE2094633F00650CBF /* JGZImageBrowserViewCell.m in Sources */,
				6F71B30A2099B4140042A7F2 /* SDImageCache.m in Sources */,
				6F71B31A2099B4140042A7F2 /* UIImage+ForceDecode.m in Sources */,
				6F71B31E2099B4140042A7F2 /* UIImageView+HighlightedWebCache.m in Sources */,
				6F71B3152099B4140042A7F2 /* SDWebImageManager.m in Sources */,
				6F71B3172099B4140042A7F2 /* SDWebImageTransition.m in Sources */,
				6F71B30E2099B4140042A7F2 /* SDWebImageCodersManager.m in Sources */,
				6F6137C820945F0F00650CBF /* JGZImageBrowserView.m in Sources */,
				6F71B3082099B4140042A7F2 /* NSImage+WebCache.m in Sources */,
				6F71B3262099B9610042A7F2 /* FLAnimatedImageView.m in Sources */,
				6F71B3102099B4140042A7F2 /* SDWebImageDownloader.m in Sources */,
				6F71B3122099B4140042A7F2 /* SDWebImageFrame.m in Sources */,
				6F71B3142099B4140042A7F2 /* SDWebImageImageIOCoder.m in Sources */,
				6F6137C520945D3300650CBF /* JGZImageTool.m in Sources */,
				6F6137B92094591F00650CBF /* main.m in Sources */,
				6F71B3112099B4140042A7F2 /* SDWebImageDownloaderOperation.m in Sources */,
				6F6137C2209459AA00650CBF /* JGZImageBrowser.m in Sources */,
				6F6137AB2094591E00650CBF /* AppDelegate.m in Sources */,
				6F71B3092099B4140042A7F2 /* SDAnimatedImageRep.m in Sources */,
				6F71B31D2099B4140042A7F2 /* UIImage+WebP.m in Sources */,
				6F71B32A2099BAEF0042A7F2 /* JGZ_SD_WebImage.m in Sources */,
				6F71B30F2099B4140042A7F2 /* SDWebImageCompat.m in Sources */,
				6F6137CB209461BB00650CBF /* JGZImageBrowserViewLayout.m in Sources */,
			);
			runOnlyForDeploymentPostprocessing = 0;
		};
/* End PBXSourcesBuildPhase section */

/* Begin PBXVariantGroup section */
		6F6137AF2094591E00650CBF /* Main.storyboard */ = {
			isa = PBXVariantGroup;
			children = (
				6F6137B02094591E00650CBF /* Base */,
			);
			name = Main.storyboard;
			sourceTree = "<group>";
		};
		6F6137B42094591F00650CBF /* LaunchScreen.storyboard */ = {
			isa = PBXVariantGroup;
			children = (
				6F6137B52094591F00650CBF /* Base */,
			);
			name = LaunchScreen.storyboard;
			sourceTree = "<group>";
		};
/* End PBXVariantGroup section */

/* Begin XCBuildConfiguration section */
		6F6137BA2094591F00650CBF /* Debug */ = {
			isa = XCBuildConfiguration;
			buildSettings = {
				ALWAYS_SEARCH_USER_PATHS = NO;
				CLANG_ANALYZER_NONNULL = YES;
				CLANG_ANALYZER_NUMBER_OBJECT_CONVERSION = YES_AGGRESSIVE;
				CLANG_CXX_LANGUAGE_STANDARD = "gnu++14";
				CLANG_CXX_LIBRARY = "libc++";
				CLANG_ENABLE_MODULES = YES;
				CLANG_ENABLE_OBJC_ARC = YES;
				CLANG_ENABLE_OBJC_WEAK = YES;
				CLANG_WARN_BLOCK_CAPTURE_AUTORELEASING = YES;
				CLANG_WARN_BOOL_CONVERSION = YES;
				CLANG_WARN_COMMA = YES;
				CLANG_WARN_CONSTANT_CONVERSION = YES;
				CLANG_WARN_DEPRECATED_OBJC_IMPLEMENTATIONS = YES;
				CLANG_WARN_DIRECT_OBJC_ISA_USAGE = YES_ERROR;
				CLANG_WARN_DOCUMENTATION_COMMENTS = YES;
				CLANG_WARN_EMPTY_BODY = YES;
				CLANG_WARN_ENUM_CONVERSION = YES;
				CLANG_WARN_INFINITE_RECURSION = YES;
				CLANG_WARN_INT_CONVERSION = YES;
				CLANG_WARN_NON_LITERAL_NULL_CONVERSION = YES;
				CLANG_WARN_OBJC_IMPLICIT_RETAIN_SELF = YES;
				CLANG_WARN_OBJC_LITERAL_CONVERSION = YES;
				CLANG_WARN_OBJC_ROOT_CLASS = YES_ERROR;
				CLANG_WARN_RANGE_LOOP_ANALYSIS = YES;
				CLANG_WARN_STRICT_PROTOTYPES = YES;
				CLANG_WARN_SUSPICIOUS_MOVE = YES;
				CLANG_WARN_UNGUARDED_AVAILABILITY = YES_AGGRESSIVE;
				CLANG_WARN_UNREACHABLE_CODE = YES;
				CLANG_WARN__DUPLICATE_METHOD_MATCH = YES;
				CODE_SIGN_IDENTITY = "iPhone Developer";
				COPY_PHASE_STRIP = NO;
				DEBUG_INFORMATION_FORMAT = dwarf;
				ENABLE_STRICT_OBJC_MSGSEND = YES;
				ENABLE_TESTABILITY = YES;
				GCC_C_LANGUAGE_STANDARD = gnu11;
				GCC_DYNAMIC_NO_PIC = NO;
				GCC_NO_COMMON_BLOCKS = YES;
				GCC_OPTIMIZATION_LEVEL = 0;
				GCC_PREPROCESSOR_DEFINITIONS = (
					"DEBUG=1",
					"$(inherited)",
				);
				GCC_WARN_64_TO_32_BIT_CONVERSION = YES;
				GCC_WARN_ABOUT_RETURN_TYPE = YES_ERROR;
				GCC_WARN_UNDECLARED_SELECTOR = YES;
				GCC_WARN_UNINITIALIZED_AUTOS = YES_AGGRESSIVE;
				GCC_WARN_UNUSED_FUNCTION = YES;
				GCC_WARN_UNUSED_VARIABLE = YES;
				IPHONEOS_DEPLOYMENT_TARGET = 11.3;
				MTL_ENABLE_DEBUG_INFO = YES;
				ONLY_ACTIVE_ARCH = YES;
				SDKROOT = iphoneos;
			};
			name = Debug;
		};
		6F6137BB2094591F00650CBF /* Release */ = {
			isa = XCBuildConfiguration;
			buildSettings = {
				ALWAYS_SEARCH_USER_PATHS = NO;
				CLANG_ANALYZER_NONNULL = YES;
				CLANG_ANALYZER_NUMBER_OBJECT_CONVERSION = YES_AGGRESSIVE;
				CLANG_CXX_LANGUAGE_STANDARD = "gnu++14";
				CLANG_CXX_LIBRARY = "libc++";
				CLANG_ENABLE_MODULES = YES;
				CLANG_ENABLE_OBJC_ARC = YES;
				CLANG_ENABLE_OBJC_WEAK = YES;
				CLANG_WARN_BLOCK_CAPTURE_AUTORELEASING = YES;
				CLANG_WARN_BOOL_CONVERSION = YES;
				CLANG_WARN_COMMA = YES;
				CLANG_WARN_CONSTANT_CONVERSION = YES;
				CLANG_WARN_DEPRECATED_OBJC_IMPLEMENTATIONS = YES;
				CLANG_WARN_DIRECT_OBJC_ISA_USAGE = YES_ERROR;
				CLANG_WARN_DOCUMENTATION_COMMENTS = YES;
				CLANG_WARN_EMPTY_BODY = YES;
				CLANG_WARN_ENUM_CONVERSION = YES;
				CLANG_WARN_INFINITE_RECURSION = YES;
				CLANG_WARN_INT_CONVERSION = YES;
				CLANG_WARN_NON_LITERAL_NULL_CONVERSION = YES;
				CLANG_WARN_OBJC_IMPLICIT_RETAIN_SELF = YES;
				CLANG_WARN_OBJC_LITERAL_CONVERSION = YES;
				CLANG_WARN_OBJC_ROOT_CLASS = YES_ERROR;
				CLANG_WARN_RANGE_LOOP_ANALYSIS = YES;
				CLANG_WARN_STRICT_PROTOTYPES = YES;
				CLANG_WARN_SUSPICIOUS_MOVE = YES;
				CLANG_WARN_UNGUARDED_AVAILABILITY = YES_AGGRESSIVE;
				CLANG_WARN_UNREACHABLE_CODE = YES;
				CLANG_WARN__DUPLICATE_METHOD_MATCH = YES;
				CODE_SIGN_IDENTITY = "iPhone Developer";
				COPY_PHASE_STRIP = NO;
				DEBUG_INFORMATION_FORMAT = "dwarf-with-dsym";
				ENABLE_NS_ASSERTIONS = NO;
				ENABLE_STRICT_OBJC_MSGSEND = YES;
				GCC_C_LANGUAGE_STANDARD = gnu11;
				GCC_NO_COMMON_BLOCKS = YES;
				GCC_WARN_64_TO_32_BIT_CONVERSION = YES;
				GCC_WARN_ABOUT_RETURN_TYPE = YES_ERROR;
				GCC_WARN_UNDECLARED_SELECTOR = YES;
				GCC_WARN_UNINITIALIZED_AUTOS = YES_AGGRESSIVE;
				GCC_WARN_UNUSED_FUNCTION = YES;
				GCC_WARN_UNUSED_VARIABLE = YES;
				IPHONEOS_DEPLOYMENT_TARGET = 11.3;
				MTL_ENABLE_DEBUG_INFO = NO;
				SDKROOT = iphoneos;
				VALIDATE_PRODUCT = YES;
			};
			name = Release;
		};
		6F6137BD2094591F00650CBF /* Debug */ = {
			isa = XCBuildConfiguration;
			buildSettings = {
				ASSETCATALOG_COMPILER_APPICON_NAME = AppIcon;
				CODE_SIGN_STYLE = Automatic;
				DEVELOPMENT_TEAM = P343P6QLWE;
				INFOPLIST_FILE = JGZImageBrowerDemo/Info.plist;
				LD_RUNPATH_SEARCH_PATHS = (
					"$(inherited)",
					"@executable_path/Frameworks",
				);
				PRODUCT_BUNDLE_IDENTIFIER = jgzhu.JGZImageBrowerDemo;
				PRODUCT_NAME = "$(TARGET_NAME)";
				TARGETED_DEVICE_FAMILY = "1,2";
			};
			name = Debug;
		};
		6F6137BE2094591F00650CBF /* Release */ = {
			isa = XCBuildConfiguration;
			buildSettings = {
				ASSETCATALOG_COMPILER_APPICON_NAME = AppIcon;
				CODE_SIGN_STYLE = Automatic;
				DEVELOPMENT_TEAM = P343P6QLWE;
				INFOPLIST_FILE = JGZImageBrowerDemo/Info.plist;
				LD_RUNPATH_SEARCH_PATHS = (
					"$(inherited)",
					"@executable_path/Frameworks",
				);
				PRODUCT_BUNDLE_IDENTIFIER = jgzhu.JGZImageBrowerDemo;
				PRODUCT_NAME = "$(TARGET_NAME)";
				TARGETED_DEVICE_FAMILY = "1,2";
			};
			name = Release;
		};
/* End XCBuildConfiguration section */

/* Begin XCConfigurationList section */
		6F6137A12094591E00650CBF /* Build configuration list for PBXProject "JGZImageBrowerDemo" */ = {
			isa = XCConfigurationList;
			buildConfigurations = (
				6F6137BA2094591F00650CBF /* Debug */,
				6F6137BB2094591F00650CBF /* Release */,
			);
			defaultConfigurationIsVisible = 0;
			defaultConfigurationName = Release;
		};
		6F6137BC2094591F00650CBF /* Build configuration list for PBXNativeTarget "JGZImageBrowerDemo" */ = {
			isa = XCConfigurationList;
			buildConfigurations = (
				6F6137BD2094591F00650CBF /* Debug */,
				6F6137BE2094591F00650CBF /* Release */,
			);
			defaultConfigurationIsVisible = 0;
			defaultConfigurationName = Release;
		};
/* End XCConfigurationList section */
	};
	rootObject = 6F61379E2094591E00650CBF /* Project object */;
}
